
Microsoft Visual Studio Solution File, Format Version 12.00
# Visual Studio Version 16
VisualStudioVersion = 16.0.29102.190
MinimumVisualStudioVersion = 10.0.40219.1
Project("{FAE04EC0-301F-11D3-BF4B-00C04F79EFBC}") = "Exersise 5", "Exersise 5\Exersise 5.csproj", "{F54D13E3-8C60-4B60-879A-5130F50445E8}"
EndProject
Global
	GlobalSection(SolutionConfigurationPlatforms) = preSolution
		Debug|Any CPU = Debug|Any CPU
		Release|Any CPU = Release|Any CPU
	EndGlobalSection
	GlobalSection(ProjectConfigurationPlatforms) = postSolution
		{F54D13E3-8C60-4B60-879A-5130F50445E8}.Debug|Any CPU.ActiveCfg = Debug|Any CPU
		{F54D13E3-8C60-4B60-879A-5130F50445E8}.Debug|Any CPU.Build.0 = Debug|Any CPU
		{F54D13E3-8C60-4B60-879A-5130F50445E8}.Release|Any CPU.ActiveCfg = Release|Any CPU
		{F54D13E3-8C60-4B60-879A-5130F50445E8}.Release|Any CPU.Build.0 = Release|Any CPU
	EndGlobalSection
	GlobalSection(SolutionProperties) = preSolution
		HideSolutionNode = FALSE
	EndGlobalSection
	GlobalSection(ExtensibilityGlobals) = postSolution
		SolutionGuid = {9AAE109D-F3CE-4AF5-95DE-CE2F9B9AB8DF}
	EndGlobalSection
EndGlobal
